
Microsoft Visual Studio Solution File, Format Version 12.00
Project("{FAE04EC0-301F-11D3-BF4B-00C04F79EFBC}") = "MemberForwardingLib", "MemberForwardingLib.csproj", "{98058C82-D006-4D5F-9859-4DC53A64E98F}"
EndProject
Global
	GlobalSection(SolutionConfigurationPlatforms) = preSolution
		Debug|Any CPU = Debug|Any CPU
		Release|Any CPU = Release|Any CPU
	EndGlobalSection
	GlobalSection(ProjectConfigurationPlatforms) = postSolution
		{98058C82-D006-4D5F-9859-4DC53A64E98F}.Debug|Any CPU.ActiveCfg = Debug|Any CPU
		{98058C82-D006-4D5F-9859-4DC53A64E98F}.Debug|Any CPU.Build.0 = Debug|Any CPU
		{98058C82-D006-4D5F-9859-4DC53A64E98F}.Release|Any CPU.ActiveCfg = Release|Any CPU
		{98058C82-D006-4D5F-9859-4DC53A64E98F}.Release|Any CPU.Build.0 = Release|Any CPU
	EndGlobalSection
EndGlobal
